
Microsoft Visual Studio Solution File, Format Version 12.00
# Visual Studio Version 17
VisualStudioVersion = 17.9.34723.18
MinimumVisualStudioVersion = 10.0.40219.1
Project("{FAE04EC0-301F-11D3-BF4B-00C04F79EFBC}") = "MVC-Project", "MVC-Project\MVC-Project.csproj", "{5933FE5A-5B94-4C29-89E9-1843FA53EB93}"
EndProject
Global
	GlobalSection(SolutionConfigurationPlatforms) = preSolution
		Debug|Any CPU = Debug|Any CPU
		Release|Any CPU = Release|Any CPU
	EndGlobalSection
	GlobalSection(ProjectConfigurationPlatforms) = postSolution
		{5933FE5A-5B94-4C29-89E9-1843FA53EB93}.Debug|Any CPU.ActiveCfg = Debug|Any CPU
		{5933FE5A-5B94-4C29-89E9-1843FA53EB93}.Debug|Any CPU.Build.0 = Debug|Any CPU
		{5933FE5A-5B94-4C29-89E9-1843FA53EB93}.Release|Any CPU.ActiveCfg = Release|Any CPU
		{5933FE5A-5B94-4C29-89E9-1843FA53EB93}.Release|Any CPU.Build.0 = Release|Any CPU
	EndGlobalSection
	GlobalSection(SolutionProperties) = preSolution
		HideSolutionNode = FALSE
	EndGlobalSection
	GlobalSection(ExtensibilityGlobals) = postSolution
		SolutionGuid = {F7F38580-A709-4C1D-B691-6D398A1C7C54}
	EndGlobalSection
EndGlobal
